
Microsoft Visual Studio Solution File, Format Version 12.00
# Visual Studio Version 17
VisualStudioVersion = 17.12.35521.163 d17.12
MinimumVisualStudioVersion = 10.0.40219.1
Project("{FAE04EC0-301F-11D3-BF4B-00C04F79EFBC}") = "BlazorWebAppFluentUIUploadFiles", "BlazorWebAppFluentUIUploadFiles\BlazorWebAppFluentUIUploadFiles.csproj", "{699DB9CC-ED04-4CC6-8E4D-D794FEADE065}"
EndProject
Project("{FAE04EC0-301F-11D3-BF4B-00C04F79EFBC}") = "BlazorWebAppFluentUIUploadFiles.Client", "BlazorWebAppFluentUIUploadFiles.Client\BlazorWebAppFluentUIUploadFiles.Client.csproj", "{615DE723-A236-49D5-9F17-510AF0B03125}"
EndProject
Project("{2150E333-8FDC-42A3-9474-1A3956D46DE8}") = "src", "src", "{D420B4C6-6799-477E-A3A2-3899A7456D72}"
EndProject
Project("{2150E333-8FDC-42A3-9474-1A3956D46DE8}") = "info", "info", "{5E08FF66-A0F6-42B3-B5F6-3EF813B94B3E}"
	ProjectSection(SolutionItems) = preProject
		Work-Item.txt = Work-Item.txt
	EndProjectSection
EndProject
Global
	GlobalSection(SolutionConfigurationPlatforms) = preSolution
		Debug|Any CPU = Debug|Any CPU
		Release|Any CPU = Release|Any CPU
	EndGlobalSection
	GlobalSection(ProjectConfigurationPlatforms) = postSolution
		{699DB9CC-ED04-4CC6-8E4D-D794FEADE065}.Debug|Any CPU.ActiveCfg = Debug|Any CPU
		{699DB9CC-ED04-4CC6-8E4D-D794FEADE065}.Debug|Any CPU.Build.0 = Debug|Any CPU
		{699DB9CC-ED04-4CC6-8E4D-D794FEADE065}.Release|Any CPU.ActiveCfg = Release|Any CPU
		{699DB9CC-ED04-4CC6-8E4D-D794FEADE065}.Release|Any CPU.Build.0 = Release|Any CPU
		{615DE723-A236-49D5-9F17-510AF0B03125}.Debug|Any CPU.ActiveCfg = Debug|Any CPU
		{615DE723-A236-49D5-9F17-510AF0B03125}.Debug|Any CPU.Build.0 = Debug|Any CPU
		{615DE723-A236-49D5-9F17-510AF0B03125}.Release|Any CPU.ActiveCfg = Release|Any CPU
		{615DE723-A236-49D5-9F17-510AF0B03125}.Release|Any CPU.Build.0 = Release|Any CPU
	EndGlobalSection
	GlobalSection(SolutionProperties) = preSolution
		HideSolutionNode = FALSE
	EndGlobalSection
	GlobalSection(NestedProjects) = preSolution
		{699DB9CC-ED04-4CC6-8E4D-D794FEADE065} = {D420B4C6-6799-477E-A3A2-3899A7456D72}
		{615DE723-A236-49D5-9F17-510AF0B03125} = {D420B4C6-6799-477E-A3A2-3899A7456D72}
	EndGlobalSection
EndGlobal
